
Microsoft Visual Studio Solution File, Format Version 12.00
# Visual Studio Version 17
VisualStudioVersion = 17.9.34616.47
MinimumVisualStudioVersion = 10.0.40219.1
Project("{8BC9CEB8-8B4A-11D0-8D11-00A0C91BC942}") = "pertemuankedua_111", "pertemuankedua_111\pertemuankedua_111.vcxproj", "{61D00053-E160-4927-B4AD-CB8CDE1F09DC}"
EndProject
Project("{8BC9CEB8-8B4A-11D0-8D11-00A0C91BC942}") = "contohkedua_111", "contohkedua_111\contohkedua_111.vcxproj", "{019BF4A2-F04A-4EDA-BEEC-474222F6F0E5}"
EndProject
Project("{8BC9CEB8-8B4A-11D0-8D11-00A0C91BC942}") = "mnghitungkelulusan", "mnghitungkelulusan\mnghitungkelulusan.vcxproj", "{A0FC9EEF-2480-465F-8014-F81D3EBF3F64}"
EndProject
Global
	GlobalSection(SolutionConfigurationPlatforms) = preSolution
		Debug|x64 = Debug|x64
		Debug|x86 = Debug|x86
		Release|x64 = Release|x64
		Release|x86 = Release|x86
	EndGlobalSection
	GlobalSection(ProjectConfigurationPlatforms) = postSolution
		{61D00053-E160-4927-B4AD-CB8CDE1F09DC}.Debug|x64.ActiveCfg = Debug|x64
		{61D00053-E160-4927-B4AD-CB8CDE1F09DC}.Debug|x64.Build.0 = Debug|x64
		{61D00053-E160-4927-B4AD-CB8CDE1F09DC}.Debug|x86.ActiveCfg = Debug|Win32
		{61D00053-E160-4927-B4AD-CB8CDE1F09DC}.Debug|x86.Build.0 = Debug|Win32
		{61D00053-E160-4927-B4AD-CB8CDE1F09DC}.Release|x64.ActiveCfg = Release|x64
		{61D00053-E160-4927-B4AD-CB8CDE1F09DC}.Release|x64.Build.0 = Release|x64
		{61D00053-E160-4927-B4AD-CB8CDE1F09DC}.Release|x86.ActiveCfg = Release|Win32
		{61D00053-E160-4927-B4AD-CB8CDE1F09DC}.Release|x86.Build.0 = Release|Win32
		{019BF4A2-F04A-4EDA-BEEC-474222F6F0E5}.Debug|x64.ActiveCfg = Debug|x64
		{019BF4A2-F04A-4EDA-BEEC-474222F6F0E5}.Debug|x64.Build.0 = Debug|x64
		{019BF4A2-F04A-4EDA-BEEC-474222F6F0E5}.Debug|x86.ActiveCfg = Debug|Win32
		{019BF4A2-F04A-4EDA-BEEC-474222F6F0E5}.Debug|x86.Build.0 = Debug|Win32
		{019BF4A2-F04A-4EDA-BEEC-474222F6F0E5}.Release|x64.ActiveCfg = Release|x64
		{019BF4A2-F04A-4EDA-BEEC-474222F6F0E5}.Release|x64.Build.0 = Release|x64
		{019BF4A2-F04A-4EDA-BEEC-474222F6F0E5}.Release|x86.ActiveCfg = Release|Win32
		{019BF4A2-F04A-4EDA-BEEC-474222F6F0E5}.Release|x86.Build.0 = Release|Win32
		{A0FC9EEF-2480-465F-8014-F81D3EBF3F64}.Debug|x64.ActiveCfg = Debug|x64
		{A0FC9EEF-2480-465F-8014-F81D3EBF3F64}.Debug|x64.Build.0 = Debug|x64
		{A0FC9EEF-2480-465F-8014-F81D3EBF3F64}.Debug|x86.ActiveCfg = Debug|Win32
		{A0FC9EEF-2480-465F-8014-F81D3EBF3F64}.Debug|x86.Build.0 = Debug|Win32
		{A0FC9EEF-2480-465F-8014-F81D3EBF3F64}.Release|x64.ActiveCfg = Release|x64
		{A0FC9EEF-2480-465F-8014-F81D3EBF3F64}.Release|x64.Build.0 = Release|x64
		{A0FC9EEF-2480-465F-8014-F81D3EBF3F64}.Release|x86.ActiveCfg = Release|Win32
		{A0FC9EEF-2480-465F-8014-F81D3EBF3F64}.Release|x86.Build.0 = Release|Win32
	EndGlobalSection
	GlobalSection(SolutionProperties) = preSolution
		HideSolutionNode = FALSE
	EndGlobalSection
	GlobalSection(ExtensibilityGlobals) = postSolution
		SolutionGuid = {3F93B375-0312-427A-AFB3-C2F595AC6DF0}
	EndGlobalSection
EndGlobal
